{
  "name": "@harness-studio/studio-core",
  "version": "0.1.0",
  "lockfileVersion": 3,
  "requires": true,
  "packages": {
    "": {
      "name": "@harness-studio/studio-core",
      "version": "0.1.0",
      "dependencies": {
        "gray-matter": "^4.0.3",
        "js-yaml": "^4.1.1"
      },
      "devDependencies": {
        "@types/node": "^20",
        "typescript": "^5"
      }
    },
    "node_modules/@types/node": {
      "version": "20.19.39",
      "resolved": "http://r.npm.sankuai.com/@types/node/download/@types/node-20.19.39.tgz",
      "integrity": "sha1-6Yo7V1V0BwzTS3hL0XN2cmn5Xpk=",
      "dev": true,
      "license": "MIT",
      "dependencies": {
        "undici-types": "~6.21.0"
      }
    },
    "node_modules/argparse": {
      "version": "2.0.1",
      "resolved": "http://r.npm.sankuai.com/argparse/download/argparse-2.0.1.tgz",
      "integrity": "sha1-JG9Q88p4oyQPbJl+ipvR6sSeSzg=",
      "license": "Python-2.0"
    },
    "node_modules/esprima": {
      "version": "4.0.1",
      "resolved": "http://r.npm.sankuai.com/esprima/download/esprima-4.0.1.tgz",
      "integrity": "sha1-E7BM2z5sXRnfkatph6hpVhmwqnE=",
      "license": "BSD-2-Clause",
      "bin": {
        "esparse": "bin/esparse.js",
        "esvalidate": "bin/esvalidate.js"
      },
      "engines": {
        "node": ">=4"
      }
    },
    "node_modules/extend-shallow": {
      "version": "2.0.1",
      "resolved": "http://r.npm.sankuai.com/extend-shallow/download/extend-shallow-2.0.1.tgz",
      "integrity": "sha1-Ua99YUrZqfYQ6huvu5idaxxWiQ8=",
      "license": "MIT",
      "dependencies": {
        "is-extendable": "^0.1.0"
      },
      "engines": {
        "node": ">=0.10.0"
      }
    },
    "node_modules/gray-matter": {
      "version": "4.0.3",
      "resolved": "http://r.npm.sankuai.com/gray-matter/download/gray-matter-4.0.3.tgz",
      "integrity": "sha1-6JPAZIJd5z6h9ffYjHqfcnQoh5g=",
      "license": "MIT",
      "dependencies": {
        "js-yaml": "^3.13.1",
        "kind-of": "^6.0.2",
        "section-matter": "^1.0.0",
        "strip-bom-string": "^1.0.0"
      },
      "engines": {
        "node": ">=6.0"
      }
    },
    "node_modules/gray-matter/node_modules/argparse": {
      "version": "1.0.10",
      "resolved": "http://r.npm.sankuai.com/argparse/download/argparse-1.0.10.tgz",
      "integrity": "sha1-vNZ5HqWuCXJeF+WtmIE0zUCz2RE=",
      "license": "MIT",
      "dependencies": {
        "sprintf-js": "~1.0.2"
      }
    },
    "node_modules/gray-matter/node_modules/js-yaml": {
      "version": "3.14.2",
      "resolved": "http://r.npm.sankuai.com/js-yaml/download/js-yaml-3.14.2.tgz",
      "integrity": "sha1-d0hc4d1/M8Bh/RsW7OojtV/LBLA=",
      "license": "MIT",
      "dependencies": {
        "argparse": "^1.0.7",
        "esprima": "^4.0.0"
      },
      "bin": {
        "js-yaml": "bin/js-yaml.js"
      }
    },
    "node_modules/is-extendable": {
      "version": "0.1.1",
      "resolved": "http://r.npm.sankuai.com/is-extendable/download/is-extendable-0.1.1.tgz",
      "integrity": "sha1-YrEQ4omkcUGOPsNqYX1HLjAd/Ik=",
      "license": "MIT",
      "engines": {
        "node": ">=0.10.0"
      }
    },
    "node_modules/js-yaml": {
      "version": "4.1.1",
      "resolved": "http://r.npm.sankuai.com/js-yaml/download/js-yaml-4.1.1.tgz",
      "integrity": "sha1-hUwpJGdwW2mUduGi3swMijRYgGs=",
      "license": "MIT",
      "dependencies": {
        "argparse": "^2.0.1"
      },
      "bin": {
        "js-yaml": "bin/js-yaml.js"
      }
    },
    "node_modules/kind-of": {
      "version": "6.0.3",
      "resolved": "http://r.npm.sankuai.com/kind-of/download/kind-of-6.0.3.tgz",
      "integrity": "sha1-B8BQNKbDSfoG4k+jWqdttFgM5N0=",
      "license": "MIT",
      "engines": {
        "node": ">=0.10.0"
      }
    },
    "node_modules/section-matter": {
      "version": "1.0.0",
      "resolved": "http://r.npm.sankuai.com/section-matter/download/section-matter-1.0.0.tgz",
      "integrity": "sha1-6QQZU1BngOwB1Z8pKhnHuFC4QWc=",
      "license": "MIT",
      "dependencies": {
        "extend-shallow": "^2.0.1",
        "kind-of": "^6.0.0"
      },
      "engines": {
        "node": ">=4"
      }
    },
    "node_modules/sprintf-js": {
      "version": "1.0.3",
      "resolved": "http://r.npm.sankuai.com/sprintf-js/download/sprintf-js-1.0.3.tgz",
      "integrity": "sha1-BOaSb2YolTVPPdAVIDYzuFcpfiw=",
      "license": "BSD-3-Clause"
    },
    "node_modules/strip-bom-string": {
      "version": "1.0.0",
      "resolved": "http://r.npm.sankuai.com/strip-bom-string/download/strip-bom-string-1.0.0.tgz",
      "integrity": "sha1-5SEekiQ2n7uB1jOi8ABE3IztrZI=",
      "license": "MIT",
      "engines": {
        "node": ">=0.10.0"
      }
    },
    "node_modules/typescript": {
      "version": "5.9.3",
      "resolved": "http://r.npm.sankuai.com/typescript/download/typescript-5.9.3.tgz",
      "integrity": "sha1-W09Z4VMQqxeiFvXWz1PuR27eZw8=",
      "dev": true,
      "license": "Apache-2.0",
      "bin": {
        "tsc": "bin/tsc",
        "tsserver": "bin/tsserver"
      },
      "engines": {
        "node": ">=14.17"
      }
    },
    "node_modules/undici-types": {
      "version": "6.21.0",
      "resolved": "http://r.npm.sankuai.com/undici-types/download/undici-types-6.21.0.tgz",
      "integrity": "sha1-aR0ArzkJvpOn+qE75hs6W1DvEss=",
      "dev": true,
      "license": "MIT"
    }
  }
}
